
Microsoft Visual Studio Solution File, Format Version 12.00
# Visual Studio 15
VisualStudioVersion = 15.0.28010.2041
MinimumVisualStudioVersion = 10.0.40219.1
Project("{FAE04EC0-301F-11D3-BF4B-00C04F79EFBC}") = "TorXakisDotNetAdapter", "TorXakisDotNetAdapter\TorXakisDotNetAdapter.csproj", "{8A724948-57C2-4888-AEE5-657A264AAD35}"
EndProject
Project("{FAE04EC0-301F-11D3-BF4B-00C04F79EFBC}") = "TorXakisDotNetAdapterTest", "TorXakisDotNetAdapterTest\TorXakisDotNetAdapterTest.csproj", "{2F58056F-E470-4388-B37B-C38E4380B1DB}"
EndProject
Global
	GlobalSection(SolutionConfigurationPlatforms) = preSolution
		Debug|Any CPU = Debug|Any CPU
		Release|Any CPU = Release|Any CPU
	EndGlobalSection
	GlobalSection(ProjectConfigurationPlatforms) = postSolution
		{8A724948-57C2-4888-AEE5-657A264AAD35}.Debug|Any CPU.ActiveCfg = Debug|Any CPU
		{8A724948-57C2-4888-AEE5-657A264AAD35}.Debug|Any CPU.Build.0 = Debug|Any CPU
		{8A724948-57C2-4888-AEE5-657A264AAD35}.Release|Any CPU.ActiveCfg = Release|Any CPU
		{8A724948-57C2-4888-AEE5-657A264AAD35}.Release|Any CPU.Build.0 = Release|Any CPU
		{2F58056F-E470-4388-B37B-C38E4380B1DB}.Debug|Any CPU.ActiveCfg = Debug|Any CPU
		{2F58056F-E470-4388-B37B-C38E4380B1DB}.Debug|Any CPU.Build.0 = Debug|Any CPU
		{2F58056F-E470-4388-B37B-C38E4380B1DB}.Release|Any CPU.ActiveCfg = Release|Any CPU
		{2F58056F-E470-4388-B37B-C38E4380B1DB}.Release|Any CPU.Build.0 = Release|Any CPU
	EndGlobalSection
	GlobalSection(SolutionProperties) = preSolution
		HideSolutionNode = FALSE
	EndGlobalSection
	GlobalSection(ExtensibilityGlobals) = postSolution
		SolutionGuid = {E3936668-CC70-4A7A-855C-C3C088B2BA0C}
	EndGlobalSection
EndGlobal
